
Microsoft Visual Studio Solution File, Format Version 12.00
# Visual Studio 15
VisualStudioVersion = 15.0.27703.2018
MinimumVisualStudioVersion = 10.0.40219.1
Project("{9A19103F-16F7-4668-BE54-9A1E7A4F7556}") = "SyboChallenge", "src\SyboChallenge\SyboChallenge.csproj", "{3BE48ABC-69D4-4546-8E4D-37DE0419C50A}"
EndProject
Project("{9A19103F-16F7-4668-BE54-9A1E7A4F7556}") = "SyboChallenge.Test", "src\SyboChallenge.Test\SyboChallenge.Test.csproj", "{3337C7F2-2771-4EF5-ADA1-D3EBE59AF7DF}"
EndProject
Project("{FAE04EC0-301F-11D3-BF4B-00C04F79EFBC}") = "SyboChallenge.Benchmark", "src\SyboChallenge.Benchmark\SyboChallenge.Benchmark.csproj", "{109B26B4-07C5-4C2D-B5F3-BD27D631725D}"
EndProject
Project("{FAE04EC0-301F-11D3-BF4B-00C04F79EFBC}") = "SyboChallenge.Server.Api", "src\SyboChallenge.Server.Api\SyboChallenge.Server.Api.csproj", "{C8F9B955-B7D5-473A-8D5B-ED43B4A73C4E}"
EndProject
Global
	GlobalSection(SolutionConfigurationPlatforms) = preSolution
		Debug|Any CPU = Debug|Any CPU
		Release|Any CPU = Release|Any CPU
	EndGlobalSection
	GlobalSection(ProjectConfigurationPlatforms) = postSolution
		{3BE48ABC-69D4-4546-8E4D-37DE0419C50A}.Debug|Any CPU.ActiveCfg = Debug|Any CPU
		{3BE48ABC-69D4-4546-8E4D-37DE0419C50A}.Debug|Any CPU.Build.0 = Debug|Any CPU
		{3BE48ABC-69D4-4546-8E4D-37DE0419C50A}.Release|Any CPU.ActiveCfg = Release|Any CPU
		{3BE48ABC-69D4-4546-8E4D-37DE0419C50A}.Release|Any CPU.Build.0 = Release|Any CPU
		{3337C7F2-2771-4EF5-ADA1-D3EBE59AF7DF}.Debug|Any CPU.ActiveCfg = Debug|Any CPU
		{3337C7F2-2771-4EF5-ADA1-D3EBE59AF7DF}.Debug|Any CPU.Build.0 = Debug|Any CPU
		{3337C7F2-2771-4EF5-ADA1-D3EBE59AF7DF}.Release|Any CPU.ActiveCfg = Release|Any CPU
		{3337C7F2-2771-4EF5-ADA1-D3EBE59AF7DF}.Release|Any CPU.Build.0 = Release|Any CPU
		{109B26B4-07C5-4C2D-B5F3-BD27D631725D}.Debug|Any CPU.ActiveCfg = Debug|Any CPU
		{109B26B4-07C5-4C2D-B5F3-BD27D631725D}.Debug|Any CPU.Build.0 = Debug|Any CPU
		{109B26B4-07C5-4C2D-B5F3-BD27D631725D}.Release|Any CPU.ActiveCfg = Release|Any CPU
		{109B26B4-07C5-4C2D-B5F3-BD27D631725D}.Release|Any CPU.Build.0 = Release|Any CPU
		{C8F9B955-B7D5-473A-8D5B-ED43B4A73C4E}.Debug|Any CPU.ActiveCfg = Debug|Any CPU
		{C8F9B955-B7D5-473A-8D5B-ED43B4A73C4E}.Debug|Any CPU.Build.0 = Debug|Any CPU
		{C8F9B955-B7D5-473A-8D5B-ED43B4A73C4E}.Release|Any CPU.ActiveCfg = Release|Any CPU
		{C8F9B955-B7D5-473A-8D5B-ED43B4A73C4E}.Release|Any CPU.Build.0 = Release|Any CPU
	EndGlobalSection
	GlobalSection(SolutionProperties) = preSolution
		HideSolutionNode = FALSE
	EndGlobalSection
	GlobalSection(ExtensibilityGlobals) = postSolution
		SolutionGuid = {C188082B-496C-4237-8E99-AA421C777DED}
	EndGlobalSection
EndGlobal
